
Microsoft Visual Studio Solution File, Format Version 12.00
# Visual Studio 14
VisualStudioVersion = 14.0.24720.0
MinimumVisualStudioVersion = 10.0.40219.1
Project("{FAE04EC0-301F-11D3-BF4B-00C04F79EFBC}") = "Plugin", "Plugin\Plugin.csproj", "{E3957C03-BA27-4948-A0B5-9FB33F88B39D}"
EndProject
Project("{FAE04EC0-301F-11D3-BF4B-00C04F79EFBC}") = "Server", "Server\Server.csproj", "{1C4954E1-711B-4AE5-B07E-B44D25A25E62}"
EndProject
Project("{FAE04EC0-301F-11D3-BF4B-00C04F79EFBC}") = "AdminTools", "AdminTools\AdminTools.csproj", "{28533C95-EE36-434E-BCDC-F87C6B924822}"
EndProject
Project("{FAE04EC0-301F-11D3-BF4B-00C04F79EFBC}") = "Clock", "Clock\Clock.csproj", "{F1E07335-2B5B-4EE0-AD38-480E15ED8DFC}"
EndProject
Project("{FAE04EC0-301F-11D3-BF4B-00C04F79EFBC}") = "Networking", "Networking\Networking.csproj", "{869EDF48-7873-4342-99B3-DB2B9FA39C65}"
EndProject
Project("{FAE04EC0-301F-11D3-BF4B-00C04F79EFBC}") = "Client", "Client\Client.csproj", "{6F3B3E6C-48B2-4B3A-B729-0B8AC83FC85E}"
EndProject
Project("{2150E333-8FDC-42A3-9474-1A3956D46DE8}") = "ServerProjects", "ServerProjects", "{026A4C39-1885-4CF8-9270-F343387C6BCD}"
EndProject
Project("{2150E333-8FDC-42A3-9474-1A3956D46DE8}") = "Plugins", "Plugins", "{290CB5EF-31CC-4F5B-9396-B3109747F488}"
EndProject
Project("{2150E333-8FDC-42A3-9474-1A3956D46DE8}") = "ClientProjects", "ClientProjects", "{F8BC29BB-7BD4-4406-BB46-F2D3D7D39670}"
EndProject
Project("{2150E333-8FDC-42A3-9474-1A3956D46DE8}") = "SharedProjects", "SharedProjects", "{5B1E9002-49CA-4297-97F6-D1A17A1606FB}"
EndProject
Project("{FAE04EC0-301F-11D3-BF4B-00C04F79EFBC}") = "Alarm", "Alarm\Alarm.csproj", "{CC2A85D1-6050-47F6-B485-154CD79C200B}"
EndProject
Project("{FAE04EC0-301F-11D3-BF4B-00C04F79EFBC}") = "Notes", "Notes\Notes.csproj", "{479F3CBA-F727-4B01-8853-689A343C188C}"
EndProject
Project("{FAE04EC0-301F-11D3-BF4B-00C04F79EFBC}") = "HueLightning", "HueLightning\HueLightning.csproj", "{7DF62D59-23EA-486D-9024-44D9FFE05ACF}"
EndProject
Project("{FAE04EC0-301F-11D3-BF4B-00C04F79EFBC}") = "Music", "Music\Music.csproj", "{7FA36CB8-8BE7-4DAB-806F-098DD6F88735}"
EndProject
Project("{FAE04EC0-301F-11D3-BF4B-00C04F79EFBC}") = "MusicPlayer", "MusicPlayer\MusicPlayer.csproj", "{FD94C88F-DF3F-4F67-809E-AB9F6D938F33}"
EndProject
Global
	GlobalSection(SolutionConfigurationPlatforms) = preSolution
		Debug|Any CPU = Debug|Any CPU
		Debug|x64 = Debug|x64
		Debug|x86 = Debug|x86
		Release|Any CPU = Release|Any CPU
		Release|x64 = Release|x64
		Release|x86 = Release|x86
	EndGlobalSection
	GlobalSection(ProjectConfigurationPlatforms) = postSolution
		{E3957C03-BA27-4948-A0B5-9FB33F88B39D}.Debug|Any CPU.ActiveCfg = Debug|Any CPU
		{E3957C03-BA27-4948-A0B5-9FB33F88B39D}.Debug|Any CPU.Build.0 = Debug|Any CPU
		{E3957C03-BA27-4948-A0B5-9FB33F88B39D}.Debug|x64.ActiveCfg = Debug|Any CPU
		{E3957C03-BA27-4948-A0B5-9FB33F88B39D}.Debug|x64.Build.0 = Debug|Any CPU
		{E3957C03-BA27-4948-A0B5-9FB33F88B39D}.Debug|x86.ActiveCfg = Debug|Any CPU
		{E3957C03-BA27-4948-A0B5-9FB33F88B39D}.Debug|x86.Build.0 = Debug|Any CPU
		{E3957C03-BA27-4948-A0B5-9FB33F88B39D}.Release|Any CPU.ActiveCfg = Release|Any CPU
		{E3957C03-BA27-4948-A0B5-9FB33F88B39D}.Release|Any CPU.Build.0 = Release|Any CPU
		{E3957C03-BA27-4948-A0B5-9FB33F88B39D}.Release|x64.ActiveCfg = Release|Any CPU
		{E3957C03-BA27-4948-A0B5-9FB33F88B39D}.Release|x64.Build.0 = Release|Any CPU
		{E3957C03-BA27-4948-A0B5-9FB33F88B39D}.Release|x86.ActiveCfg = Release|Any CPU
		{E3957C03-BA27-4948-A0B5-9FB33F88B39D}.Release|x86.Build.0 = Release|Any CPU
		{1C4954E1-711B-4AE5-B07E-B44D25A25E62}.Debug|Any CPU.ActiveCfg = Debug|Any CPU
		{1C4954E1-711B-4AE5-B07E-B44D25A25E62}.Debug|Any CPU.Build.0 = Debug|Any CPU
		{1C4954E1-711B-4AE5-B07E-B44D25A25E62}.Debug|x64.ActiveCfg = Debug|Any CPU
		{1C4954E1-711B-4AE5-B07E-B44D25A25E62}.Debug|x64.Build.0 = Debug|Any CPU
		{1C4954E1-711B-4AE5-B07E-B44D25A25E62}.Debug|x86.ActiveCfg = Debug|Any CPU
		{1C4954E1-711B-4AE5-B07E-B44D25A25E62}.Debug|x86.Build.0 = Debug|Any CPU
		{1C4954E1-711B-4AE5-B07E-B44D25A25E62}.Release|Any CPU.ActiveCfg = Release|Any CPU
		{1C4954E1-711B-4AE5-B07E-B44D25A25E62}.Release|Any CPU.Build.0 = Release|Any CPU
		{1C4954E1-711B-4AE5-B07E-B44D25A25E62}.Release|x64.ActiveCfg = Release|Any CPU
		{1C4954E1-711B-4AE5-B07E-B44D25A25E62}.Release|x64.Build.0 = Release|Any CPU
		{1C4954E1-711B-4AE5-B07E-B44D25A25E62}.Release|x86.ActiveCfg = Release|Any CPU
		{1C4954E1-711B-4AE5-B07E-B44D25A25E62}.Release|x86.Build.0 = Release|Any CPU
		{28533C95-EE36-434E-BCDC-F87C6B924822}.Debug|Any CPU.ActiveCfg = Debug|Any CPU
		{28533C95-EE36-434E-BCDC-F87C6B924822}.Debug|Any CPU.Build.0 = Debug|Any CPU
		{28533C95-EE36-434E-BCDC-F87C6B924822}.Debug|x64.ActiveCfg = Debug|Any CPU
		{28533C95-EE36-434E-BCDC-F87C6B924822}.Debug|x64.Build.0 = Debug|Any CPU
		{28533C95-EE36-434E-BCDC-F87C6B924822}.Debug|x86.ActiveCfg = Debug|Any CPU
		{28533C95-EE36-434E-BCDC-F87C6B924822}.Debug|x86.Build.0 = Debug|Any CPU
		{28533C95-EE36-434E-BCDC-F87C6B924822}.Release|Any CPU.ActiveCfg = Release|Any CPU
		{28533C95-EE36-434E-BCDC-F87C6B924822}.Release|Any CPU.Build.0 = Release|Any CPU
		{28533C95-EE36-434E-BCDC-F87C6B924822}.Release|x64.ActiveCfg = Release|Any CPU
		{28533C95-EE36-434E-BCDC-F87C6B924822}.Release|x64.Build.0 = Release|Any CPU
		{28533C95-EE36-434E-BCDC-F87C6B924822}.Release|x86.ActiveCfg = Release|Any CPU
		{28533C95-EE36-434E-BCDC-F87C6B924822}.Release|x86.Build.0 = Release|Any CPU
		{F1E07335-2B5B-4EE0-AD38-480E15ED8DFC}.Debug|Any CPU.ActiveCfg = Debug|Any CPU
		{F1E07335-2B5B-4EE0-AD38-480E15ED8DFC}.Debug|Any CPU.Build.0 = Debug|Any CPU
		{F1E07335-2B5B-4EE0-AD38-480E15ED8DFC}.Debug|x64.ActiveCfg = Debug|Any CPU
		{F1E07335-2B5B-4EE0-AD38-480E15ED8DFC}.Debug|x64.Build.0 = Debug|Any CPU
		{F1E07335-2B5B-4EE0-AD38-480E15ED8DFC}.Debug|x86.ActiveCfg = Debug|Any CPU
		{F1E07335-2B5B-4EE0-AD38-480E15ED8DFC}.Debug|x86.Build.0 = Debug|Any CPU
		{F1E07335-2B5B-4EE0-AD38-480E15ED8DFC}.Release|Any CPU.ActiveCfg = Release|Any CPU
		{F1E07335-2B5B-4EE0-AD38-480E15ED8DFC}.Release|Any CPU.Build.0 = Release|Any CPU
		{F1E07335-2B5B-4EE0-AD38-480E15ED8DFC}.Release|x64.ActiveCfg = Release|Any CPU
		{F1E07335-2B5B-4EE0-AD38-480E15ED8DFC}.Release|x64.Build.0 = Release|Any CPU
		{F1E07335-2B5B-4EE0-AD38-480E15ED8DFC}.Release|x86.ActiveCfg = Release|Any CPU
		{F1E07335-2B5B-4EE0-AD38-480E15ED8DFC}.Release|x86.Build.0 = Release|Any CPU
		{869EDF48-7873-4342-99B3-DB2B9FA39C65}.Debug|Any CPU.ActiveCfg = Debug|Any CPU
		{869EDF48-7873-4342-99B3-DB2B9FA39C65}.Debug|Any CPU.Build.0 = Debug|Any CPU
		{869EDF48-7873-4342-99B3-DB2B9FA39C65}.Debug|x64.ActiveCfg = Debug|Any CPU
		{869EDF48-7873-4342-99B3-DB2B9FA39C65}.Debug|x64.Build.0 = Debug|Any CPU
		{869EDF48-7873-4342-99B3-DB2B9FA39C65}.Debug|x86.ActiveCfg = Debug|Any CPU
		{869EDF48-7873-4342-99B3-DB2B9FA39C65}.Debug|x86.Build.0 = Debug|Any CPU
		{869EDF48-7873-4342-99B3-DB2B9FA39C65}.Release|Any CPU.ActiveCfg = Release|Any CPU
		{869EDF48-7873-4342-99B3-DB2B9FA39C65}.Release|Any CPU.Build.0 = Release|Any CPU
		{869EDF48-7873-4342-99B3-DB2B9FA39C65}.Release|x64.ActiveCfg = Release|Any CPU
		{869EDF48-7873-4342-99B3-DB2B9FA39C65}.Release|x64.Build.0 = Release|Any CPU
		{869EDF48-7873-4342-99B3-DB2B9FA39C65}.Release|x86.ActiveCfg = Release|Any CPU
		{869EDF48-7873-4342-99B3-DB2B9FA39C65}.Release|x86.Build.0 = Release|Any CPU
		{6F3B3E6C-48B2-4B3A-B729-0B8AC83FC85E}.Debug|Any CPU.ActiveCfg = Debug|Any CPU
		{6F3B3E6C-48B2-4B3A-B729-0B8AC83FC85E}.Debug|Any CPU.Build.0 = Debug|Any CPU
		{6F3B3E6C-48B2-4B3A-B729-0B8AC83FC85E}.Debug|x64.ActiveCfg = Debug|Any CPU
		{6F3B3E6C-48B2-4B3A-B729-0B8AC83FC85E}.Debug|x64.Build.0 = Debug|Any CPU
		{6F3B3E6C-48B2-4B3A-B729-0B8AC83FC85E}.Debug|x86.ActiveCfg = Debug|Any CPU
		{6F3B3E6C-48B2-4B3A-B729-0B8AC83FC85E}.Debug|x86.Build.0 = Debug|Any CPU
		{6F3B3E6C-48B2-4B3A-B729-0B8AC83FC85E}.Release|Any CPU.ActiveCfg = Release|Any CPU
		{6F3B3E6C-48B2-4B3A-B729-0B8AC83FC85E}.Release|Any CPU.Build.0 = Release|Any CPU
		{6F3B3E6C-48B2-4B3A-B729-0B8AC83FC85E}.Release|x64.ActiveCfg = Release|Any CPU
		{6F3B3E6C-48B2-4B3A-B729-0B8AC83FC85E}.Release|x64.Build.0 = Release|Any CPU
		{6F3B3E6C-48B2-4B3A-B729-0B8AC83FC85E}.Release|x86.ActiveCfg = Release|Any CPU
		{6F3B3E6C-48B2-4B3A-B729-0B8AC83FC85E}.Release|x86.Build.0 = Release|Any CPU
		{CC2A85D1-6050-47F6-B485-154CD79C200B}.Debug|Any CPU.ActiveCfg = Debug|Any CPU
		{CC2A85D1-6050-47F6-B485-154CD79C200B}.Debug|Any CPU.Build.0 = Debug|Any CPU
		{CC2A85D1-6050-47F6-B485-154CD79C200B}.Debug|x64.ActiveCfg = Debug|Any CPU
		{CC2A85D1-6050-47F6-B485-154CD79C200B}.Debug|x64.Build.0 = Debug|Any CPU
		{CC2A85D1-6050-47F6-B485-154CD79C200B}.Debug|x86.ActiveCfg = Debug|Any CPU
		{CC2A85D1-6050-47F6-B485-154CD79C200B}.Debug|x86.Build.0 = Debug|Any CPU
		{CC2A85D1-6050-47F6-B485-154CD79C200B}.Release|Any CPU.ActiveCfg = Release|Any CPU
		{CC2A85D1-6050-47F6-B485-154CD79C200B}.Release|Any CPU.Build.0 = Release|Any CPU
		{CC2A85D1-6050-47F6-B485-154CD79C200B}.Release|x64.ActiveCfg = Release|Any CPU
		{CC2A85D1-6050-47F6-B485-154CD79C200B}.Release|x64.Build.0 = Release|Any CPU
		{CC2A85D1-6050-47F6-B485-154CD79C200B}.Release|x86.ActiveCfg = Release|Any CPU
		{CC2A85D1-6050-47F6-B485-154CD79C200B}.Release|x86.Build.0 = Release|Any CPU
		{479F3CBA-F727-4B01-8853-689A343C188C}.Debug|Any CPU.ActiveCfg = Debug|Any CPU
		{479F3CBA-F727-4B01-8853-689A343C188C}.Debug|Any CPU.Build.0 = Debug|Any CPU
		{479F3CBA-F727-4B01-8853-689A343C188C}.Debug|x64.ActiveCfg = Debug|Any CPU
		{479F3CBA-F727-4B01-8853-689A343C188C}.Debug|x64.Build.0 = Debug|Any CPU
		{479F3CBA-F727-4B01-8853-689A343C188C}.Debug|x86.ActiveCfg = Debug|Any CPU
		{479F3CBA-F727-4B01-8853-689A343C188C}.Debug|x86.Build.0 = Debug|Any CPU
		{479F3CBA-F727-4B01-8853-689A343C188C}.Release|Any CPU.ActiveCfg = Release|Any CPU
		{479F3CBA-F727-4B01-8853-689A343C188C}.Release|Any CPU.Build.0 = Release|Any CPU
		{479F3CBA-F727-4B01-8853-689A343C188C}.Release|x64.ActiveCfg = Release|Any CPU
		{479F3CBA-F727-4B01-8853-689A343C188C}.Release|x64.Build.0 = Release|Any CPU
		{479F3CBA-F727-4B01-8853-689A343C188C}.Release|x86.ActiveCfg = Release|Any CPU
		{479F3CBA-F727-4B01-8853-689A343C188C}.Release|x86.Build.0 = Release|Any CPU
		{7DF62D59-23EA-486D-9024-44D9FFE05ACF}.Debug|Any CPU.ActiveCfg = Debug|Any CPU
		{7DF62D59-23EA-486D-9024-44D9FFE05ACF}.Debug|Any CPU.Build.0 = Debug|Any CPU
		{7DF62D59-23EA-486D-9024-44D9FFE05ACF}.Debug|x64.ActiveCfg = Debug|Any CPU
		{7DF62D59-23EA-486D-9024-44D9FFE05ACF}.Debug|x64.Build.0 = Debug|Any CPU
		{7DF62D59-23EA-486D-9024-44D9FFE05ACF}.Debug|x86.ActiveCfg = Debug|Any CPU
		{7DF62D59-23EA-486D-9024-44D9FFE05ACF}.Debug|x86.Build.0 = Debug|Any CPU
		{7DF62D59-23EA-486D-9024-44D9FFE05ACF}.Release|Any CPU.ActiveCfg = Release|Any CPU
		{7DF62D59-23EA-486D-9024-44D9FFE05ACF}.Release|Any CPU.Build.0 = Release|Any CPU
		{7DF62D59-23EA-486D-9024-44D9FFE05ACF}.Release|x64.ActiveCfg = Release|Any CPU
		{7DF62D59-23EA-486D-9024-44D9FFE05ACF}.Release|x64.Build.0 = Release|Any CPU
		{7DF62D59-23EA-486D-9024-44D9FFE05ACF}.Release|x86.ActiveCfg = Release|Any CPU
		{7DF62D59-23EA-486D-9024-44D9FFE05ACF}.Release|x86.Build.0 = Release|Any CPU
		{7FA36CB8-8BE7-4DAB-806F-098DD6F88735}.Debug|Any CPU.ActiveCfg = Debug|Any CPU
		{7FA36CB8-8BE7-4DAB-806F-098DD6F88735}.Debug|Any CPU.Build.0 = Debug|Any CPU
		{7FA36CB8-8BE7-4DAB-806F-098DD6F88735}.Debug|x64.ActiveCfg = Debug|Any CPU
		{7FA36CB8-8BE7-4DAB-806F-098DD6F88735}.Debug|x64.Build.0 = Debug|Any CPU
		{7FA36CB8-8BE7-4DAB-806F-098DD6F88735}.Debug|x86.ActiveCfg = Debug|Any CPU
		{7FA36CB8-8BE7-4DAB-806F-098DD6F88735}.Debug|x86.Build.0 = Debug|Any CPU
		{7FA36CB8-8BE7-4DAB-806F-098DD6F88735}.Release|Any CPU.ActiveCfg = Release|Any CPU
		{7FA36CB8-8BE7-4DAB-806F-098DD6F88735}.Release|Any CPU.Build.0 = Release|Any CPU
		{7FA36CB8-8BE7-4DAB-806F-098DD6F88735}.Release|x64.ActiveCfg = Release|Any CPU
		{7FA36CB8-8BE7-4DAB-806F-098DD6F88735}.Release|x64.Build.0 = Release|Any CPU
		{7FA36CB8-8BE7-4DAB-806F-098DD6F88735}.Release|x86.ActiveCfg = Release|Any CPU
		{7FA36CB8-8BE7-4DAB-806F-098DD6F88735}.Release|x86.Build.0 = Release|Any CPU
		{FD94C88F-DF3F-4F67-809E-AB9F6D938F33}.Debug|Any CPU.ActiveCfg = Debug|Any CPU
		{FD94C88F-DF3F-4F67-809E-AB9F6D938F33}.Debug|Any CPU.Build.0 = Debug|Any CPU
		{FD94C88F-DF3F-4F67-809E-AB9F6D938F33}.Debug|x64.ActiveCfg = Debug|Any CPU
		{FD94C88F-DF3F-4F67-809E-AB9F6D938F33}.Debug|x64.Build.0 = Debug|Any CPU
		{FD94C88F-DF3F-4F67-809E-AB9F6D938F33}.Debug|x86.ActiveCfg = Debug|Any CPU
		{FD94C88F-DF3F-4F67-809E-AB9F6D938F33}.Debug|x86.Build.0 = Debug|Any CPU
		{FD94C88F-DF3F-4F67-809E-AB9F6D938F33}.Release|Any CPU.ActiveCfg = Release|Any CPU
		{FD94C88F-DF3F-4F67-809E-AB9F6D938F33}.Release|Any CPU.Build.0 = Release|Any CPU
		{FD94C88F-DF3F-4F67-809E-AB9F6D938F33}.Release|x64.ActiveCfg = Release|Any CPU
		{FD94C88F-DF3F-4F67-809E-AB9F6D938F33}.Release|x64.Build.0 = Release|Any CPU
		{FD94C88F-DF3F-4F67-809E-AB9F6D938F33}.Release|x86.ActiveCfg = Release|Any CPU
		{FD94C88F-DF3F-4F67-809E-AB9F6D938F33}.Release|x86.Build.0 = Release|Any CPU
	EndGlobalSection
	GlobalSection(SolutionProperties) = preSolution
		HideSolutionNode = FALSE
	EndGlobalSection
	GlobalSection(NestedProjects) = preSolution
		{E3957C03-BA27-4948-A0B5-9FB33F88B39D} = {026A4C39-1885-4CF8-9270-F343387C6BCD}
		{1C4954E1-711B-4AE5-B07E-B44D25A25E62} = {026A4C39-1885-4CF8-9270-F343387C6BCD}
		{28533C95-EE36-434E-BCDC-F87C6B924822} = {290CB5EF-31CC-4F5B-9396-B3109747F488}
		{F1E07335-2B5B-4EE0-AD38-480E15ED8DFC} = {290CB5EF-31CC-4F5B-9396-B3109747F488}
		{869EDF48-7873-4342-99B3-DB2B9FA39C65} = {5B1E9002-49CA-4297-97F6-D1A17A1606FB}
		{6F3B3E6C-48B2-4B3A-B729-0B8AC83FC85E} = {F8BC29BB-7BD4-4406-BB46-F2D3D7D39670}
		{290CB5EF-31CC-4F5B-9396-B3109747F488} = {026A4C39-1885-4CF8-9270-F343387C6BCD}
		{CC2A85D1-6050-47F6-B485-154CD79C200B} = {F8BC29BB-7BD4-4406-BB46-F2D3D7D39670}
		{479F3CBA-F727-4B01-8853-689A343C188C} = {290CB5EF-31CC-4F5B-9396-B3109747F488}
		{7DF62D59-23EA-486D-9024-44D9FFE05ACF} = {290CB5EF-31CC-4F5B-9396-B3109747F488}
		{7FA36CB8-8BE7-4DAB-806F-098DD6F88735} = {290CB5EF-31CC-4F5B-9396-B3109747F488}
		{FD94C88F-DF3F-4F67-809E-AB9F6D938F33} = {F8BC29BB-7BD4-4406-BB46-F2D3D7D39670}
	EndGlobalSection
EndGlobal
